
Microsoft Visual Studio Solution File, Format Version 11.00
# Visual Studio 2010
Project("{F184B08F-C81C-45F6-A57F-5ABD9991F28F}") = "Radar", "Radar\Radar.vbproj", "{44E32943-88C8-4763-899B-07C21815E35B}"
EndProject
Global
	GlobalSection(SolutionConfigurationPlatforms) = preSolution
		Debug|x86 = Debug|x86
		Release|x86 = Release|x86
	EndGlobalSection
	GlobalSection(ProjectConfigurationPlatforms) = postSolution
		{44E32943-88C8-4763-899B-07C21815E35B}.Debug|x86.ActiveCfg = Debug|x86
		{44E32943-88C8-4763-899B-07C21815E35B}.Debug|x86.Build.0 = Debug|x86
		{44E32943-88C8-4763-899B-07C21815E35B}.Release|x86.ActiveCfg = Release|x86
		{44E32943-88C8-4763-899B-07C21815E35B}.Release|x86.Build.0 = Release|x86
	EndGlobalSection
	GlobalSection(SolutionProperties) = preSolution
		HideSolutionNode = FALSE
	EndGlobalSection
EndGlobal
